{
  "nodes": {
    "nixpkgs": {
      "locked": {
        "lastModified": 1760038930,
        "narHash": "sha256-Oncbh0UmHjSlxO7ErQDM3KM0A5/Znfofj2BSzlHLeVw=",
        "owner": "nixos",
        "repo": "nixpkgs",
        "rev": "0b4defa2584313f3b781240b29d61f6f9f7e0df3",
        "type": "github"
      },
      "original": {
        "owner": "nixos",
        "ref": "nixos-unstable",
        "repo": "nixpkgs",
        "type": "github"
      }
    },
    "nixpkgs_mindustry": {
      "locked": {
        "lastModified": 1744095445,
        "narHash": "sha256-ytHMMsgrwPIZz2xoQKKktb1p3EiUhkTTH1NxbtxaIMI=",
        "owner": "NixOS",
        "repo": "nixpkgs",
        "rev": "a19cd4ffb1f4b953a76f3ac29c6520d0b1877108",
        "type": "github"
      },
      "original": {
        "id": "nixpkgs",
        "rev": "a19cd4ffb1f4b953a76f3ac29c6520d0b1877108",
        "type": "indirect"
      }
    },
    "nixpkgs_old": {
      "locked": {
        "lastModified": 1751274312,
        "narHash": "sha256-/bVBlRpECLVzjV19t5KMdMFWSwKLtb5RyXdjz3LJT+g=",
        "owner": "nixos",
        "repo": "nixpkgs",
        "rev": "50ab793786d9de88ee30ec4e4c24fb4236fc2674",
        "type": "github"
      },
      "original": {
        "owner": "nixos",
        "ref": "nixos-24.11",
        "repo": "nixpkgs",
        "type": "github"
      }
    },
    "root": {
      "inputs": {
        "nixpkgs": "nixpkgs",
        "nixpkgs_mindustry": "nixpkgs_mindustry",
        "nixpkgs_old": "nixpkgs_old"
      }
    }
  },
  "root": "root",
  "version": 7
}
